
Microsoft Visual Studio Solution File, Format Version 12.00
# Visual Studio Version 17
VisualStudioVersion = 17.0.31903.59
MinimumVisualStudioVersion = 10.0.40219.1
Project("{FAE04EC0-301F-11D3-BF4B-00C04F79EFBC}") = "ProductManager", "ProductManager\ProductManager.csproj", "{DE65D963-1985-44FB-8F6D-C38AFC281798}"
EndProject
Project("{FAE04EC0-301F-11D3-BF4B-00C04F79EFBC}") = "ProductManager.Tests", "ProductManager.Tests\ProductManager.Tests.csproj", "{26754C2D-30AF-4DAB-9A94-F6D3264F297A}"
EndProject
Global
	GlobalSection(SolutionConfigurationPlatforms) = preSolution
		Debug|Any CPU = Debug|Any CPU
		Release|Any CPU = Release|Any CPU
	EndGlobalSection
	GlobalSection(SolutionProperties) = preSolution
		HideSolutionNode = FALSE
	EndGlobalSection
	GlobalSection(ProjectConfigurationPlatforms) = postSolution
		{DE65D963-1985-44FB-8F6D-C38AFC281798}.Debug|Any CPU.ActiveCfg = Debug|Any CPU
		{DE65D963-1985-44FB-8F6D-C38AFC281798}.Debug|Any CPU.Build.0 = Debug|Any CPU
		{DE65D963-1985-44FB-8F6D-C38AFC281798}.Release|Any CPU.ActiveCfg = Release|Any CPU
		{DE65D963-1985-44FB-8F6D-C38AFC281798}.Release|Any CPU.Build.0 = Release|Any CPU
		{26754C2D-30AF-4DAB-9A94-F6D3264F297A}.Debug|Any CPU.ActiveCfg = Debug|Any CPU
		{26754C2D-30AF-4DAB-9A94-F6D3264F297A}.Debug|Any CPU.Build.0 = Debug|Any CPU
		{26754C2D-30AF-4DAB-9A94-F6D3264F297A}.Release|Any CPU.ActiveCfg = Release|Any CPU
		{26754C2D-30AF-4DAB-9A94-F6D3264F297A}.Release|Any CPU.Build.0 = Release|Any CPU
	EndGlobalSection
EndGlobal
